
Microsoft Visual Studio Solution File, Format Version 12.00
# Visual Studio 14
VisualStudioVersion = 14.0.25420.1
MinimumVisualStudioVersion = 10.0.40219.1
Project("{8BC9CEB8-8B4A-11D0-8D11-00A0C91BC942}") = "CppSorting", "CppSorting\CppSorting.vcxproj", "{BB3419D7-9ACE-4748-B298-D340F8117B86}"
EndProject
Project("{8BC9CEB8-8B4A-11D0-8D11-00A0C91BC942}") = "CppLambda", "CppLambda\CppLambda.vcxproj", "{08E864C7-F56E-4513-8578-FFD6BCAA1EC8}"
EndProject
Project("{8BC9CEB8-8B4A-11D0-8D11-00A0C91BC942}") = "cpp11new", "cpp11new\cpp11new.vcxproj", "{6EEF3687-70F2-4AF7-82F8-BB7E3BB5DA1D}"
EndProject
Global
	GlobalSection(SolutionConfigurationPlatforms) = preSolution
		Debug|x64 = Debug|x64
		Debug|x86 = Debug|x86
		Release|x64 = Release|x64
		Release|x86 = Release|x86
	EndGlobalSection
	GlobalSection(ProjectConfigurationPlatforms) = postSolution
		{BB3419D7-9ACE-4748-B298-D340F8117B86}.Debug|x64.ActiveCfg = Debug|x64
		{BB3419D7-9ACE-4748-B298-D340F8117B86}.Debug|x64.Build.0 = Debug|x64
		{BB3419D7-9ACE-4748-B298-D340F8117B86}.Debug|x86.ActiveCfg = Debug|Win32
		{BB3419D7-9ACE-4748-B298-D340F8117B86}.Debug|x86.Build.0 = Debug|Win32
		{BB3419D7-9ACE-4748-B298-D340F8117B86}.Release|x64.ActiveCfg = Release|x64
		{BB3419D7-9ACE-4748-B298-D340F8117B86}.Release|x64.Build.0 = Release|x64
		{BB3419D7-9ACE-4748-B298-D340F8117B86}.Release|x86.ActiveCfg = Release|Win32
		{BB3419D7-9ACE-4748-B298-D340F8117B86}.Release|x86.Build.0 = Release|Win32
		{08E864C7-F56E-4513-8578-FFD6BCAA1EC8}.Debug|x64.ActiveCfg = Debug|x64
		{08E864C7-F56E-4513-8578-FFD6BCAA1EC8}.Debug|x64.Build.0 = Debug|x64
		{08E864C7-F56E-4513-8578-FFD6BCAA1EC8}.Debug|x86.ActiveCfg = Debug|Win32
		{08E864C7-F56E-4513-8578-FFD6BCAA1EC8}.Debug|x86.Build.0 = Debug|Win32
		{08E864C7-F56E-4513-8578-FFD6BCAA1EC8}.Release|x64.ActiveCfg = Release|x64
		{08E864C7-F56E-4513-8578-FFD6BCAA1EC8}.Release|x64.Build.0 = Release|x64
		{08E864C7-F56E-4513-8578-FFD6BCAA1EC8}.Release|x86.ActiveCfg = Release|Win32
		{08E864C7-F56E-4513-8578-FFD6BCAA1EC8}.Release|x86.Build.0 = Release|Win32
		{6EEF3687-70F2-4AF7-82F8-BB7E3BB5DA1D}.Debug|x64.ActiveCfg = Debug|x64
		{6EEF3687-70F2-4AF7-82F8-BB7E3BB5DA1D}.Debug|x64.Build.0 = Debug|x64
		{6EEF3687-70F2-4AF7-82F8-BB7E3BB5DA1D}.Debug|x86.ActiveCfg = Debug|Win32
		{6EEF3687-70F2-4AF7-82F8-BB7E3BB5DA1D}.Debug|x86.Build.0 = Debug|Win32
		{6EEF3687-70F2-4AF7-82F8-BB7E3BB5DA1D}.Release|x64.ActiveCfg = Release|x64
		{6EEF3687-70F2-4AF7-82F8-BB7E3BB5DA1D}.Release|x64.Build.0 = Release|x64
		{6EEF3687-70F2-4AF7-82F8-BB7E3BB5DA1D}.Release|x86.ActiveCfg = Release|Win32
		{6EEF3687-70F2-4AF7-82F8-BB7E3BB5DA1D}.Release|x86.Build.0 = Release|Win32
	EndGlobalSection
	GlobalSection(SolutionProperties) = preSolution
		HideSolutionNode = FALSE
	EndGlobalSection
EndGlobal
